
Microsoft Visual Studio Solution File, Format Version 12.00
# Visual Studio Version 17
VisualStudioVersion = 17.14.37314.3
MinimumVisualStudioVersion = 10.0.40219.1
Project("{FAE04EC0-301F-11D3-BF4B-00C04F79EFBC}") = "June2026.ConsoleApp3", "June2026.ConsoleApp3\June2026.ConsoleApp3.csproj", "{BCDD6719-4B4A-4B2C-8044-9C3D98C2871F}"
EndProject
Project("{FAE04EC0-301F-11D3-BF4B-00C04F79EFBC}") = "June2026.ConsoleApp4", "ConsoleApp4\June2026.ConsoleApp4.csproj", "{2E6B6C9E-AFD8-465A-A3CB-C85BB830AE92}"
EndProject
Project("{FAE04EC0-301F-11D3-BF4B-00C04F79EFBC}") = "June2026.POSHomeWork", "2026June.POSHomeWork\June2026.POSHomeWork.csproj", "{96D6D428-86EB-40D9-878F-012037A6B504}"
EndProject
Project("{FAE04EC0-301F-11D3-BF4B-00C04F79EFBC}") = "June2026.BookLendingSystem.ConsoleApp", "June2026.BookLendingSystem\June2026.BookLendingSystem.ConsoleApp.csproj", "{85BF896B-8AEC-4989-A575-093AB8C0B3DA}"
EndProject
Project("{FAE04EC0-301F-11D3-BF4B-00C04F79EFBC}") = "June2026.BookLendingSystem.WinForm", "June2026.BookLendingSystem.WinForm\June2026.BookLendingSystem.WinForm.csproj", "{83E861BA-BAFE-498D-A5FA-92EC45F36781}"
EndProject
Global
	GlobalSection(SolutionConfigurationPlatforms) = preSolution
		Debug|Any CPU = Debug|Any CPU
		Release|Any CPU = Release|Any CPU
	EndGlobalSection
	GlobalSection(ProjectConfigurationPlatforms) = postSolution
		{BCDD6719-4B4A-4B2C-8044-9C3D98C2871F}.Debug|Any CPU.ActiveCfg = Debug|Any CPU
		{BCDD6719-4B4A-4B2C-8044-9C3D98C2871F}.Debug|Any CPU.Build.0 = Debug|Any CPU
		{BCDD6719-4B4A-4B2C-8044-9C3D98C2871F}.Release|Any CPU.ActiveCfg = Release|Any CPU
		{BCDD6719-4B4A-4B2C-8044-9C3D98C2871F}.Release|Any CPU.Build.0 = Release|Any CPU
		{2E6B6C9E-AFD8-465A-A3CB-C85BB830AE92}.Debug|Any CPU.ActiveCfg = Debug|Any CPU
		{2E6B6C9E-AFD8-465A-A3CB-C85BB830AE92}.Debug|Any CPU.Build.0 = Debug|Any CPU
		{2E6B6C9E-AFD8-465A-A3CB-C85BB830AE92}.Release|Any CPU.ActiveCfg = Release|Any CPU
		{2E6B6C9E-AFD8-465A-A3CB-C85BB830AE92}.Release|Any CPU.Build.0 = Release|Any CPU
		{96D6D428-86EB-40D9-878F-012037A6B504}.Debug|Any CPU.ActiveCfg = Debug|Any CPU
		{96D6D428-86EB-40D9-878F-012037A6B504}.Debug|Any CPU.Build.0 = Debug|Any CPU
		{96D6D428-86EB-40D9-878F-012037A6B504}.Release|Any CPU.ActiveCfg = Release|Any CPU
		{96D6D428-86EB-40D9-878F-012037A6B504}.Release|Any CPU.Build.0 = Release|Any CPU
		{85BF896B-8AEC-4989-A575-093AB8C0B3DA}.Debug|Any CPU.ActiveCfg = Debug|Any CPU
		{85BF896B-8AEC-4989-A575-093AB8C0B3DA}.Debug|Any CPU.Build.0 = Debug|Any CPU
		{85BF896B-8AEC-4989-A575-093AB8C0B3DA}.Release|Any CPU.ActiveCfg = Release|Any CPU
		{85BF896B-8AEC-4989-A575-093AB8C0B3DA}.Release|Any CPU.Build.0 = Release|Any CPU
		{83E861BA-BAFE-498D-A5FA-92EC45F36781}.Debug|Any CPU.ActiveCfg = Debug|Any CPU
		{83E861BA-BAFE-498D-A5FA-92EC45F36781}.Debug|Any CPU.Build.0 = Debug|Any CPU
		{83E861BA-BAFE-498D-A5FA-92EC45F36781}.Release|Any CPU.ActiveCfg = Release|Any CPU
		{83E861BA-BAFE-498D-A5FA-92EC45F36781}.Release|Any CPU.Build.0 = Release|Any CPU
	EndGlobalSection
	GlobalSection(SolutionProperties) = preSolution
		HideSolutionNode = FALSE
	EndGlobalSection
	GlobalSection(ExtensibilityGlobals) = postSolution
		SolutionGuid = {181FF179-E29B-4977-A476-88B3229C594C}
	EndGlobalSection
EndGlobal
